
Microsoft Visual Studio Solution File, Format Version 12.00
# Visual Studio Version 17
VisualStudioVersion = 17.14.36623.8 d17.14
MinimumVisualStudioVersion = 10.0.40219.1
Project("{FAE04EC0-301F-11D3-BF4B-00C04F79EFBC}") = "Calificacionesp2", "Calificacionesp2\Calificacionesp2.csproj", "{BB12D105-1526-479F-9455-16054BF0A7C4}"
EndProject
Global
	GlobalSection(SolutionConfigurationPlatforms) = preSolution
		Debug|Any CPU = Debug|Any CPU
		Release|Any CPU = Release|Any CPU
	EndGlobalSection
	GlobalSection(ProjectConfigurationPlatforms) = postSolution
		{BB12D105-1526-479F-9455-16054BF0A7C4}.Debug|Any CPU.ActiveCfg = Debug|Any CPU
		{BB12D105-1526-479F-9455-16054BF0A7C4}.Debug|Any CPU.Build.0 = Debug|Any CPU
		{BB12D105-1526-479F-9455-16054BF0A7C4}.Release|Any CPU.ActiveCfg = Release|Any CPU
		{BB12D105-1526-479F-9455-16054BF0A7C4}.Release|Any CPU.Build.0 = Release|Any CPU
	EndGlobalSection
	GlobalSection(SolutionProperties) = preSolution
		HideSolutionNode = FALSE
	EndGlobalSection
	GlobalSection(ExtensibilityGlobals) = postSolution
		SolutionGuid = {277A8497-711F-4314-AF58-7FF8E779509C}
	EndGlobalSection
EndGlobal
